{
    "version": 3,
    "terraform_version": "0.11.14",
    "serial": 9,
    "lineage": "7d722ee6-b38d-f5c2-1715-1b059da52af9",
    "modules": [
        {
            "path": [
                "root"
            ],
            "outputs": {},
            "resources": {
                "google_compute_firewall.default": {
                    "type": "google_compute_firewall",
                    "depends_on": [
                        "google_compute_network.vpc_network"
                    ],
                    "primary": {
                        "id": "test-firewall",
                        "attributes": {
                            "allow.#": "1",
                            "allow.3909516008.ports.#": "3",
                            "allow.3909516008.ports.0": "22",
                            "allow.3909516008.ports.1": "8080",
                            "allow.3909516008.ports.2": "1000-2000",
                            "allow.3909516008.protocol": "tcp",
                            "creation_timestamp": "2019-05-27T06:27:59.504-07:00",
                            "deny.#": "0",
                            "description": "",
                            "destination_ranges.#": "0",
                            "direction": "INGRESS",
                            "disabled": "false",
                            "id": "test-firewall",
                            "name": "test-firewall",
                            "network": "https://www.googleapis.com/compute/v1/projects/projet1-241907/global/networks/terraform-network",
                            "priority": "1000",
                            "project": "projet1-241907",
                            "self_link": "https://www.googleapis.com/compute/v1/projects/projet1-241907/global/firewalls/test-firewall",
                            "source_ranges.#": "0",
                            "source_service_accounts.#": "0",
                            "source_tags.#": "1",
                            "source_tags.365508689": "web",
                            "target_service_accounts.#": "0",
                            "target_tags.#": "0"
                        },
                        "meta": {
                            "e2bfb730-ecaa-11e6-8f88-34363bc7c4c0": {
                                "create": 240000000000,
                                "delete": 240000000000,
                                "update": 240000000000
                            },
                            "schema_version": "1"
                        },
                        "tainted": false
                    },
                    "deposed": [],
                    "provider": "provider.google"
                },
                "google_compute_instance.vm_instance": {
                    "type": "google_compute_instance",
                    "depends_on": [
                        "google_compute_network.vpc_network"
                    ],
                    "primary": {
                        "id": "terraform-instance",
                        "attributes": {
                            "attached_disk.#": "0",
                            "boot_disk.#": "1",
                            "boot_disk.0.auto_delete": "true",
                            "boot_disk.0.device_name": "persistent-disk-0",
                            "boot_disk.0.disk_encryption_key_raw": "",
                            "boot_disk.0.disk_encryption_key_sha256": "",
                            "boot_disk.0.initialize_params.#": "1",
                            "boot_disk.0.initialize_params.0.image": "https://www.googleapis.com/compute/v1/projects/debian-cloud/global/images/debian-9-stretch-v20190514",
                            "boot_disk.0.initialize_params.0.size": "10",
                            "boot_disk.0.initialize_params.0.type": "pd-standard",
                            "boot_disk.0.kms_key_self_link": "",
                            "boot_disk.0.source": "https://www.googleapis.com/compute/v1/projects/projet1-241907/zones/us-central1-c/disks/terraform-instance",
                            "can_ip_forward": "false",
                            "cpu_platform": "Intel Haswell",
                            "deletion_protection": "false",
                            "guest_accelerator.#": "0",
                            "hostname": "",
                            "id": "terraform-instance",
                            "instance_id": "7348349751815198907",
                            "label_fingerprint": "42WmSpB8rSM=",
                            "labels.%": "0",
                            "machine_type": "f1-micro",
                            "metadata.%": "1",
                            "metadata.ssh-keys": "root:ssh-rsa AAAAB3NzaC1yc2EAAAADAQABAAABAQCmLTbm3lO5+VdKCeXp7xj/NMr11J+b8pRUTNulqXALHKuG0lKfbChjTuhef+0wZvZ6PHQgRI4uX9rkwjFfwnMM7MyGd8za6NuOmf9jSMEtut+eVMSsq+xxRXw8kAlGX4tiYYGQhX4Hyq/hvatFE8YrcGrZbQVneJWJqstOP3bczTEVhviCRYKU0ZHAxmMCvlALzP/o0migLzQpjn0B7QfIDhFX+HBN5UL0E6L76F2VC/Uo64x/YpWsyq8+nqHTKFwlyVrgXhUJEvTT2s/4A6JHPAoOHW+tsEHaYUsERwh4ehyoPgxcAKss/E5yZbqyvydgRt4zHai7ZND55iwuJgIf root@localhost.localdomain\n",
                            "metadata_fingerprint": "kHAE8stvQ7o=",
                            "metadata_startup_script": "",
                            "min_cpu_platform": "",
                            "name": "terraform-instance",
                            "network_interface.#": "1",
                            "network_interface.0.access_config.#": "1",
                            "network_interface.0.access_config.0.assigned_nat_ip": "",
                            "network_interface.0.access_config.0.nat_ip": "35.193.63.119",
                            "network_interface.0.access_config.0.network_tier": "PREMIUM",
                            "network_interface.0.access_config.0.public_ptr_domain_name": "",
                            "network_interface.0.address": "",
                            "network_interface.0.alias_ip_range.#": "0",
                            "network_interface.0.name": "nic0",
                            "network_interface.0.network": "https://www.googleapis.com/compute/v1/projects/projet1-241907/global/networks/terraform-network",
                            "network_interface.0.network_ip": "10.0.0.2",
                            "network_interface.0.subnetwork": "https://www.googleapis.com/compute/v1/projects/projet1-241907/regions/us-central1/subnetworks/test-subnetwork",
                            "network_interface.0.subnetwork_project": "projet1-241907",
                            "project": "projet1-241907",
                            "scheduling.#": "1",
                            "scheduling.0.automatic_restart": "true",
                            "scheduling.0.node_affinities.#": "0",
                            "scheduling.0.on_host_maintenance": "MIGRATE",
                            "scheduling.0.preemptible": "false",
                            "scratch_disk.#": "0",
                            "self_link": "https://www.googleapis.com/compute/v1/projects/projet1-241907/zones/us-central1-c/instances/terraform-instance",
                            "service_account.#": "0",
                            "shielded_instance_config.#": "0",
                            "tags.#": "0",
                            "tags_fingerprint": "42WmSpB8rSM=",
                            "zone": "us-central1-c"
                        },
                        "meta": {
                            "e2bfb730-ecaa-11e6-8f88-34363bc7c4c0": {
                                "create": 360000000000,
                                "delete": 360000000000,
                                "update": 360000000000
                            },
                            "schema_version": "6"
                        },
                        "tainted": false
                    },
                    "deposed": [],
                    "provider": "provider.google"
                },
                "google_compute_network.vpc_network": {
                    "type": "google_compute_network",
                    "depends_on": [],
                    "primary": {
                        "id": "terraform-network",
                        "attributes": {
                            "auto_create_subnetworks": "false",
                            "delete_default_routes_on_create": "false",
                            "description": "",
                            "gateway_ipv4": "",
                            "id": "terraform-network",
                            "ipv4_range": "",
                            "name": "terraform-network",
                            "project": "projet1-241907",
                            "routing_mode": "REGIONAL",
                            "self_link": "https://www.googleapis.com/compute/v1/projects/projet1-241907/global/networks/terraform-network"
                        },
                        "meta": {
                            "e2bfb730-ecaa-11e6-8f88-34363bc7c4c0": {
                                "create": 240000000000,
                                "delete": 240000000000,
                                "update": 240000000000
                            }
                        },
                        "tainted": false
                    },
                    "deposed": [],
                    "provider": "provider.google"
                },
                "google_compute_subnetwork.network-with-private-secondary-ip-ranges": {
                    "type": "google_compute_subnetwork",
                    "depends_on": [
                        "google_compute_network.vpc_network"
                    ],
                    "primary": {
                        "id": "us-central1/test-subnetwork",
                        "attributes": {
                            "creation_timestamp": "2019-05-27T06:27:59.586-07:00",
                            "description": "",
                            "enable_flow_logs": "false",
                            "fingerprint": "qiim8nyBQsA=",
                            "gateway_address": "10.0.0.1",
                            "id": "us-central1/test-subnetwork",
                            "ip_cidr_range": "10.0.0.0/26",
                            "name": "test-subnetwork",
                            "network": "https://www.googleapis.com/compute/v1/projects/projet1-241907/global/networks/terraform-network",
                            "private_ip_google_access": "false",
                            "project": "projet1-241907",
                            "region": "us-central1",
                            "secondary_ip_range.#": "0",
                            "self_link": "https://www.googleapis.com/compute/v1/projects/projet1-241907/regions/us-central1/subnetworks/test-subnetwork"
                        },
                        "meta": {
                            "e2bfb730-ecaa-11e6-8f88-34363bc7c4c0": {
                                "create": 360000000000,
                                "delete": 360000000000,
                                "update": 360000000000
                            }
                        },
                        "tainted": false
                    },
                    "deposed": [],
                    "provider": "provider.google"
                }
            },
            "depends_on": []
        }
    ]
}
